PODS:
  - Flutter (1.0.0)
  - Mapbox-iOS-SDK (6.4.1):
    - MapboxMobileEvents (~> 0.10.12)
  - mapbox_gl (0.0.1):
    - Flutter
    - Mapbox-iOS-SDK (~> 6.4.0)
    - MapboxAnnotationExtension (~> 0.0.1-beta.1)
  - MapboxAnnotationExtension (0.0.1-beta.2):
    - Mapbox-iOS-SDK (~> 6.0)
  - MapboxMobileEvents (0.10.13)

DEPENDENCIES:
  - Flutter (from `Flutter`)
  - mapbox_gl (from `.symlinks/plugins/mapbox_gl/ios`)

SPEC REPOS:
  trunk:
    - Mapbox-iOS-SDK
    - MapboxAnnotationExtension
    - MapboxMobileEvents

EXTERNAL SOURCES:
  Flutter:
    :path: Flutter
  mapbox_gl:
    :path: ".symlinks/plugins/mapbox_gl/ios"

SPEC CHECKSUMS:
  Flutter: 50d75fe2f02b26cc09d224853bb45737f8b3214a
  Mapbox-iOS-SDK: f870f83cbdc7aa4a74afcee143aafb0dae390c82
  mapbox_gl: 33c5ab6306cbfa72289bb3606d2cd2e8baee9ff0
  MapboxAnnotationExtension: 4eee6c26349ef6d909f1a23a7eae2d0f7ca5fa7d
  MapboxMobileEvents: e78db24b348f48e41e5895be7dc16e5b1bb43562

PODFILE CHECKSUM: ffc6417871778baa7d6465289d9613d8f4eec15e

COCOAPODS: 1.11.2
